
Microsoft Visual Studio Solution File, Format Version 12.00
# Visual Studio 15
Project("{FAE04EC0-301F-11D3-BF4B-00C04F79EFBC}") = "Assembly-CSharp", "Assembly-CSharp.csproj", "{A6102C2B-DE76-FE76-22E7-22A0898E95D5}"
EndProject
Global
	GlobalSection(SolutionConfigurationPlatforms) = preSolution
		Debug|Any CPU = Debug|Any CPU
		Release|Any CPU = Release|Any CPU
	EndGlobalSection
	GlobalSection(ProjectConfigurationPlatforms) = postSolution
		{A6102C2B-DE76-FE76-22E7-22A0898E95D5}.Debug|Any CPU.ActiveCfg = Debug|Any CPU
		{A6102C2B-DE76-FE76-22E7-22A0898E95D5}.Debug|Any CPU.Build.0 = Debug|Any CPU
		{A6102C2B-DE76-FE76-22E7-22A0898E95D5}.Release|Any CPU.ActiveCfg = Release|Any CPU
		{A6102C2B-DE76-FE76-22E7-22A0898E95D5}.Release|Any CPU.Build.0 = Release|Any CPU
	EndGlobalSection
	GlobalSection(SolutionProperties) = preSolution
		HideSolutionNode = FALSE
	EndGlobalSection
EndGlobal
